
Microsoft Visual Studio Solution File, Format Version 12.00
# Visual Studio 15
VisualStudioVersion = 15.0.26730.3
MinimumVisualStudioVersion = 10.0.40219.1
Project("{FAE04EC0-301F-11D3-BF4B-00C04F79EFBC}") = "Hello", "Hello\Hello.csproj", "{6E991791-61D0-4C51-A088-A4066B3AEA1E}"
EndProject
Global
	GlobalSection(SolutionConfigurationPlatforms) = preSolution
		Debug|Any CPU = Debug|Any CPU
		Release|Any CPU = Release|Any CPU
	EndGlobalSection
	GlobalSection(ProjectConfigurationPlatforms) = postSolution
		{6E991791-61D0-4C51-A088-A4066B3AEA1E}.Debug|Any CPU.ActiveCfg = Debug|Any CPU
		{6E991791-61D0-4C51-A088-A4066B3AEA1E}.Debug|Any CPU.Build.0 = Debug|Any CPU
		{6E991791-61D0-4C51-A088-A4066B3AEA1E}.Release|Any CPU.ActiveCfg = Release|Any CPU
		{6E991791-61D0-4C51-A088-A4066B3AEA1E}.Release|Any CPU.Build.0 = Release|Any CPU
	EndGlobalSection
	GlobalSection(SolutionProperties) = preSolution
		HideSolutionNode = FALSE
	EndGlobalSection
	GlobalSection(ExtensibilityGlobals) = postSolution
		SolutionGuid = {5A7FB261-58A1-4392-BEAE-EFF38FFFA9FE}
	EndGlobalSection
EndGlobal
